// !$*UTF8*$!
{
	archiveVersion = 1;
	classes = {
	};
	objectVersion = 46;
	objects = {

/* Begin PBXBuildFile section */
		7B220B011B7D8D1D00696944 /* logo.jpg in Resources */ = {isa = PBXBuildFile; fileRef = 7B220B001B7D8D1D00696944 /* logo.jpg */; };
		7B220B1D1B7D8ECB00696944 /* Article.m in Sources */ = {isa = PBXBuildFile; fileRef = 7B220B1A1B7D8ECB00696944 /* Article.m */; };
		7B220B261B7D8ED100696944 /* RootViewController.m in Sources */ = {isa = PBXBuildFile; fileRef = 7B220B211B7D8ED100696944 /* RootViewController.m */; };
		7B220B271B7D8ED100696944 /* LeftTabViewController.m in Sources */ = {isa = PBXBuildFile; fileRef = 7B220B231B7D8ED100696944 /* LeftTabViewController.m */; };
		7B220B371B7D91AE00696944 /* ArticleCell.m in Sources */ = {isa = PBXBuildFile; fileRef = 7B220B2C1B7D91AE00696944 /* ArticleCell.m */; };
		7B220B381B7D91AE00696944 /* ArticleFrame.m in Sources */ = {isa = PBXBuildFile; fileRef = 7B220B2E1B7D91AE00696944 /* ArticleFrame.m */; };
		7B220B391B7D91AE00696944 /* HeadView.m in Sources */ = {isa = PBXBuildFile; fileRef = 7B220B301B7D91AE00696944 /* HeadView.m */; };
		7B220B3A1B7D91AE00696944 /* MainView.m in Sources */ = {isa = PBXBuildFile; fileRef = 7B220B321B7D91AE00696944 /* MainView.m */; };
		7B220B461B7D932B00696944 /* NJViewController.m in Sources */ = {isa = PBXBuildFile; fileRef = 7B220B3F1B7D932B00696944 /* NJViewController.m */; };
		7B220B471B7D932B00696944 /* NJWeibo.m in Sources */ = {isa = PBXBuildFile; fileRef = 7B220B411B7D932B00696944 /* NJWeibo.m */; };
		7B220B481B7D932B00696944 /* NJWeiboCell.m in Sources */ = {isa = PBXBuildFile; fileRef = 7B220B431B7D932B00696944 /* NJWeiboCell.m */; };
		7B220B491B7D932B00696944 /* NJWeiboFrame.m in Sources */ = {isa = PBXBuildFile; fileRef = 7B220B451B7D932B00696944 /* NJWeiboFrame.m */; };
		7B515F6E1B82401E0015B922 /* TabView.m in Sources */ = {isa = PBXBuildFile; fileRef = 7B515F6D1B82401E0015B922 /* TabView.m */; };
		7B515F711B8240440015B922 /* TabViewController.m in Sources */ = {isa = PBXBuildFile; fileRef = 7B515F701B8240440015B922 /* TabViewController.m */; };
		7B72578F1B80B34200E18AC3 /* DetailArticleView.m in Sources */ = {isa = PBXBuildFile; fileRef = 7B72578E1B80B34200E18AC3 /* DetailArticleView.m */; };
		7B7257921B80BCE100E18AC3 /* DetailArticleCellTableViewCell.m in Sources */ = {isa = PBXBuildFile; fileRef = 7B7257911B80BCE100E18AC3 /* DetailArticleCellTableViewCell.m */; };
		7B7257951B80BCFA00E18AC3 /* DetailArticleFrame.m in Sources */ = {isa = PBXBuildFile; fileRef = 7B7257941B80BCFA00E18AC3 /* DetailArticleFrame.m */; };
		7B8884581B7384F000340E34 /* workLog.rtf in Resources */ = {isa = PBXBuildFile; fileRef = 7B8884571B7384F000340E34 /* workLog.rtf */; };
		7BA4EB7A1B7CCD7500D74B8B /* admin.png in Resources */ = {isa = PBXBuildFile; fileRef = 7BA4EB771B7CCD7500D74B8B /* admin.png */; };
		7BA4EB7B1B7CCD7500D74B8B /* rss.png in Resources */ = {isa = PBXBuildFile; fileRef = 7BA4EB781B7CCD7500D74B8B /* rss.png */; };
		7BA4EB7C1B7CCD7500D74B8B /* search.png in Resources */ = {isa = PBXBuildFile; fileRef = 7BA4EB791B7CCD7500D74B8B /* search.png */; };
		7BAE8D481B78D76B00592F84 /* article.plist in Resources */ = {isa = PBXBuildFile; fileRef = 7BAE8D471B78D76B00592F84 /* article.plist */; };
		7BBFE6741B6F835500A6EBC7 /* statuses.plist in Resources */ = {isa = PBXBuildFile; fileRef = 7BBFE6731B6F835500A6EBC7 /* statuses.plist */; };
		7BC244021B69B93100FE035C /* main.m in Sources */ = {isa = PBXBuildFile; fileRef = 7BC244011B69B93100FE035C /* main.m */; };
		7BC244051B69B93100FE035C /* AppDelegate.m in Sources */ = {isa = PBXBuildFile; fileRef = 7BC244041B69B93100FE035C /* AppDelegate.m */; };
		7BC2440D1B69B93100FE035C /* Images.xcassets in Resources */ = {isa = PBXBuildFile; fileRef = 7BC2440C1B69B93100FE035C /* Images.xcassets */; };
		7BC244101B69B93100FE035C /* LaunchScreen.xib in Resources */ = {isa = PBXBuildFile; fileRef = 7BC2440E1B69B93100FE035C /* LaunchScreen.xib */; };
		7BC2441C1B69B93100FE035C /* WebBlogTests.m in Sources */ = {isa = PBXBuildFile; fileRef = 7BC2441B1B69B93100FE035C /* WebBlogTests.m */; };
		7BD1E9AF1B7EE8F300B31443 /* TestView.m in Sources */ = {isa = PBXBuildFile; fileRef = 7BD1E9AE1B7EE8F300B31443 /* TestView.m */; };
		7BF796F31B831B3500A9EEBD /* ArticleViewController.m in Sources */ = {isa = PBXBuildFile; fileRef = 7BF796F21B831B3500A9EEBD /* ArticleViewController.m */; };
/* End PBXBuildFile section */

/* Begin PBXContainerItemProxy section */
		7BC244161B69B93100FE035C /* PBXContainerItemProxy */ = {
			isa = PBXContainerItemProxy;
			containerPortal = 7BC243F41B69B93100FE035C /* Project object */;
			proxyType = 1;
			remoteGlobalIDString = 7BC243FB1B69B93100FE035C;
			remoteInfo = WebBlog;
		};
/* End PBXContainerItemProxy section */

/* Begin PBXFileReference section */
		7B220B001B7D8D1D00696944 /* logo.jpg */ = {isa = PBXFileReference; lastKnownFileType = image.jpeg; path = logo.jpg; sourceTree = "<group>"; };
		7B220B191B7D8ECB00696944 /* Article.h */ = {isa = PBXFileReference; fileEncoding = 4; lastKnownFileType = sourcecode.c.h; path = Article.h; sourceTree = "<group>"; };
		7B220B1A1B7D8ECB00696944 /* Article.m */ = {isa = PBXFileReference; fileEncoding = 4; lastKnownFileType = sourcecode.c.objc; path = Article.m; sourceTree = "<group>"; };
		7B220B201B7D8ED100696944 /* RootViewController.h */ = {isa = PBXFileReference; fileEncoding = 4; lastKnownFileType = sourcecode.c.h; path = RootViewController.h; sourceTree = "<group>"; };
		7B220B211B7D8ED100696944 /* RootViewController.m */ = {isa = PBXFileReference; fileEncoding = 4; lastKnownFileType = sourcecode.c.objc; path = RootViewController.m; sourceTree = "<group>"; };
		7B220B221B7D8ED100696944 /* LeftTabViewController.h */ = {isa = PBXFileReference; fileEncoding = 4; lastKnownFileType = sourcecode.c.h; path = LeftTabViewController.h; sourceTree = "<group>"; };
		7B220B231B7D8ED100696944 /* LeftTabViewController.m */ = {isa = PBXFileReference; fileEncoding = 4; lastKnownFileType = sourcecode.c.objc; path = LeftTabViewController.m; sourceTree = "<group>"; };
		7B220B2B1B7D91AE00696944 /* ArticleCell.h */ = {isa = PBXFileReference; fileEncoding = 4; lastKnownFileType = sourcecode.c.h; path = ArticleCell.h; sourceTree = "<group>"; };
		7B220B2C1B7D91AE00696944 /* ArticleCell.m */ = {isa = PBXFileReference; fileEncoding = 4; lastKnownFileType = sourcecode.c.objc; path = ArticleCell.m; sourceTree = "<group>"; };
		7B220B2D1B7D91AE00696944 /* ArticleFrame.h */ = {isa = PBXFileReference; fileEncoding = 4; lastKnownFileType = sourcecode.c.h; path = ArticleFrame.h; sourceTree = "<group>"; };
		7B220B2E1B7D91AE00696944 /* ArticleFrame.m */ = {isa = PBXFileReference; fileEncoding = 4; lastKnownFileType = sourcecode.c.objc; path = ArticleFrame.m; sourceTree = "<group>"; };
		7B220B2F1B7D91AE00696944 /* HeadView.h */ = {isa = PBXFileReference; fileEncoding = 4; lastKnownFileType = sourcecode.c.h; path = HeadView.h; sourceTree = "<group>"; };
		7B220B301B7D91AE00696944 /* HeadView.m */ = {isa = PBXFileReference; fileEncoding = 4; lastKnownFileType = sourcecode.c.objc; path = HeadView.m; sourceTree = "<group>"; };
		7B220B311B7D91AE00696944 /* MainView.h */ = {isa = PBXFileReference; fileEncoding = 4; lastKnownFileType = sourcecode.c.h; path = MainView.h; sourceTree = "<group>"; };
		7B220B321B7D91AE00696944 /* MainView.m */ = {isa = PBXFileReference; fileEncoding = 4; lastKnownFileType = sourcecode.c.objc; path = MainView.m; sourceTree = "<group>"; };
		7B220B3E1B7D932B00696944 /* NJViewController.h */ = {isa = PBXFileReference; fileEncoding = 4; lastKnownFileType = sourcecode.c.h; path = NJViewController.h; sourceTree = "<group>"; };
		7B220B3F1B7D932B00696944 /* NJViewController.m */ = {isa = PBXFileReference; fileEncoding = 4; lastKnownFileType = sourcecode.c.objc; path = NJViewController.m; sourceTree = "<group>"; };
		7B220B401B7D932B00696944 /* NJWeibo.h */ = {isa = PBXFileReference; fileEncoding = 4; lastKnownFileType = sourcecode.c.h; path = NJWeibo.h; sourceTree = "<group>"; };
		7B220B411B7D932B00696944 /* NJWeibo.m */ = {isa = PBXFileReference; fileEncoding = 4; lastKnownFileType = sourcecode.c.objc; path = NJWeibo.m; sourceTree = "<group>"; };
		7B220B421B7D932B00696944 /* NJWeiboCell.h */ = {isa = PBXFileReference; fileEncoding = 4; lastKnownFileType = sourcecode.c.h; path = NJWeiboCell.h; sourceTree = "<group>"; };
		7B220B431B7D932B00696944 /* NJWeiboCell.m */ = {isa = PBXFileReference; fileEncoding = 4; lastKnownFileType = sourcecode.c.objc; path = NJWeiboCell.m; sourceTree = "<group>"; };
		7B220B441B7D932B00696944 /* NJWeiboFrame.h */ = {isa = PBXFileReference; fileEncoding = 4; lastKnownFileType = sourcecode.c.h; path = NJWeiboFrame.h; sourceTree = "<group>"; };
		7B220B451B7D932B00696944 /* NJWeiboFrame.m */ = {isa = PBXFileReference; fileEncoding = 4; lastKnownFileType = sourcecode.c.objc; path = NJWeiboFrame.m; sourceTree = "<group>"; };
		7B515F6C1B82401E0015B922 /* TabView.h */ = {isa = PBXFileReference; fileEncoding = 4; lastKnownFileType = sourcecode.c.h; path = TabView.h; sourceTree = "<group>"; };
		7B515F6D1B82401E0015B922 /* TabView.m */ = {isa = PBXFileReference; fileEncoding = 4; lastKnownFileType = sourcecode.c.objc; path = TabView.m; sourceTree = "<group>"; };
		7B515F6F1B8240440015B922 /* TabViewController.h */ = {isa = PBXFileReference; fileEncoding = 4; lastKnownFileType = sourcecode.c.h; path = TabViewController.h; sourceTree = "<group>"; };
		7B515F701B8240440015B922 /* TabViewController.m */ = {isa = PBXFileReference; fileEncoding = 4; lastKnownFileType = sourcecode.c.objc; path = TabViewController.m; sourceTree = "<group>"; };
		7B72578D1B80B34200E18AC3 /* DetailArticleView.h */ = {isa = PBXFileReference; fileEncoding = 4; lastKnownFileType = sourcecode.c.h; path = DetailArticleView.h; sourceTree = "<group>"; };
		7B72578E1B80B34200E18AC3 /* DetailArticleView.m */ = {isa = PBXFileReference; fileEncoding = 4; lastKnownFileType = sourcecode.c.objc; path = DetailArticleView.m; sourceTree = "<group>"; };
		7B7257901B80BCE100E18AC3 /* DetailArticleCellTableViewCell.h */ = {isa = PBXFileReference; fileEncoding = 4; lastKnownFileType = sourcecode.c.h; path = DetailArticleCellTableViewCell.h; sourceTree = "<group>"; };
		7B7257911B80BCE100E18AC3 /* DetailArticleCellTableViewCell.m */ = {isa = PBXFileReference; fileEncoding = 4; lastKnownFileType = sourcecode.c.objc; path = DetailArticleCellTableViewCell.m; sourceTree = "<group>"; };
		7B7257931B80BCFA00E18AC3 /* DetailArticleFrame.h */ = {isa = PBXFileReference; fileEncoding = 4; lastKnownFileType = sourcecode.c.h; path = DetailArticleFrame.h; sourceTree = "<group>"; };
		7B7257941B80BCFA00E18AC3 /* DetailArticleFrame.m */ = {isa = PBXFileReference; fileEncoding = 4; lastKnownFileType = sourcecode.c.objc; path = DetailArticleFrame.m; sourceTree = "<group>"; };
		7B8884571B7384F000340E34 /* workLog.rtf */ = {isa = PBXFileReference; fileEncoding = 4; lastKnownFileType = text.rtf; path = workLog.rtf; sourceTree = "<group>"; };
		7BA4EB771B7CCD7500D74B8B /* admin.png */ = {isa = PBXFileReference; lastKnownFileType = image.png; path = admin.png; sourceTree = "<group>"; };
		7BA4EB781B7CCD7500D74B8B /* rss.png */ = {isa = PBXFileReference; lastKnownFileType = image.png; path = rss.png; sourceTree = "<group>"; };
		7BA4EB791B7CCD7500D74B8B /* search.png */ = {isa = PBXFileReference; lastKnownFileType = image.png; path = search.png; sourceTree = "<group>"; };
		7BAE8D471B78D76B00592F84 /* article.plist */ = {isa = PBXFileReference; fileEncoding = 4; lastKnownFileType = text.plist.xml; path = article.plist; sourceTree = "<group>"; };
		7BBFE6731B6F835500A6EBC7 /* statuses.plist */ = {isa = PBXFileReference; fileEncoding = 4; lastKnownFileType = text.plist.xml; path = statuses.plist; sourceTree = "<group>"; };
		7BC243FC1B69B93100FE035C /* WebBlog.app */ = {isa = PBXFileReference; explicitFileType = wrapper.application; includeInIndex = 0; path = WebBlog.app; sourceTree = BUILT_PRODUCTS_DIR; };
		7BC244001B69B93100FE035C /* Info.plist */ = {isa = PBXFileReference; lastKnownFileType = text.plist.xml; path = Info.plist; sourceTree = "<group>"; };
		7BC244011B69B93100FE035C /* main.m */ = {isa = PBXFileReference; lastKnownFileType = sourcecode.c.objc; path = main.m; sourceTree = "<group>"; };
		7BC244031B69B93100FE035C /* AppDelegate.h */ = {isa = PBXFileReference; lastKnownFileType = sourcecode.c.h; path = AppDelegate.h; sourceTree = "<group>"; };
		7BC244041B69B93100FE035C /* AppDelegate.m */ = {isa = PBXFileReference; lastKnownFileType = sourcecode.c.objc; path = AppDelegate.m; sourceTree = "<group>"; };
		7BC2440C1B69B93100FE035C /* Images.xcassets */ = {isa = PBXFileReference; lastKnownFileType = folder.assetcatalog; path = Images.xcassets; sourceTree = "<group>"; };
		7BC2440F1B69B93100FE035C /* Base */ = {isa = PBXFileReference; lastKnownFileType = file.xib; name = Base; path = Base.lproj/LaunchScreen.xib; sourceTree = "<group>"; };
		7BC244151B69B93100FE035C /* WebBlogTests.xctest */ = {isa = PBXFileReference; explicitFileType = wrapper.cfbundle; includeInIndex = 0; path = WebBlogTests.xctest; sourceTree = BUILT_PRODUCTS_DIR; };
		7BC2441A1B69B93100FE035C /* Info.plist */ = {isa = PBXFileReference; lastKnownFileType = text.plist.xml; path = Info.plist; sourceTree = "<group>"; };
		7BC2441B1B69B93100FE035C /* WebBlogTests.m */ = {isa = PBXFileReference; lastKnownFileType = sourcecode.c.objc; path = WebBlogTests.m; sourceTree = "<group>"; };
		7BD1E9AD1B7EE8F300B31443 /* TestView.h */ = {isa = PBXFileReference; fileEncoding = 4; lastKnownFileType = sourcecode.c.h; path = TestView.h; sourceTree = "<group>"; };
		7BD1E9AE1B7EE8F300B31443 /* TestView.m */ = {isa = PBXFileReference; fileEncoding = 4; lastKnownFileType = sourcecode.c.objc; path = TestView.m; sourceTree = "<group>"; };
		7BF796F11B831B3500A9EEBD /* ArticleViewController.h */ = {isa = PBXFileReference; fileEncoding = 4; lastKnownFileType = sourcecode.c.h; path = ArticleViewController.h; sourceTree = "<group>"; };
		7BF796F21B831B3500A9EEBD /* ArticleViewController.m */ = {isa = PBXFileReference; fileEncoding = 4; lastKnownFileType = sourcecode.c.objc; path = ArticleViewController.m; sourceTree = "<group>"; };
/* End PBXFileReference section */

/* Begin PBXFrameworksBuildPhase section */
		7BC243F91B69B93100FE035C /* Frameworks */ = {
			isa = PBXFrameworksBuildPhase;
			buildActionMask = 2147483647;
			files = (
			);
			runOnlyForDeploymentPostprocessing = 0;
		};
		7BC244121B69B93100FE035C /* Frameworks */ = {
			isa = PBXFrameworksBuildPhase;
			buildActionMask = 2147483647;
			files = (
			);
			runOnlyForDeploymentPostprocessing = 0;
		};
/* End PBXFrameworksBuildPhase section */

/* Begin PBXGroup section */
		7B220B181B7D8ECB00696944 /* Model */ = {
			isa = PBXGroup;
			children = (
				7B220B191B7D8ECB00696944 /* Article.h */,
				7B220B1A1B7D8ECB00696944 /* Article.m */,
			);
			path = Model;
			sourceTree = "<group>";
		};
		7B220B1F1B7D8ED100696944 /* Controller */ = {
			isa = PBXGroup;
			children = (
				7B220B201B7D8ED100696944 /* RootViewController.h */,
				7B220B211B7D8ED100696944 /* RootViewController.m */,
				7B220B221B7D8ED100696944 /* LeftTabViewController.h */,
				7B220B231B7D8ED100696944 /* LeftTabViewController.m */,
				7B515F6F1B8240440015B922 /* TabViewController.h */,
				7B515F701B8240440015B922 /* TabViewController.m */,
				7BF796F11B831B3500A9EEBD /* ArticleViewController.h */,
				7BF796F21B831B3500A9EEBD /* ArticleViewController.m */,
			);
			path = Controller;
			sourceTree = "<group>";
		};
		7B220B291B7D91AE00696944 /* View */ = {
			isa = PBXGroup;
			children = (
				7B515F6B1B823FF90015B922 /* TabView */,
				7BD1E9AC1B7EE8DC00B31443 /* DetailView */,
				7B220B2A1B7D91AE00696944 /* RootView */,
			);
			path = View;
			sourceTree = "<group>";
		};
		7B220B2A1B7D91AE00696944 /* RootView */ = {
			isa = PBXGroup;
			children = (
				7B220B2B1B7D91AE00696944 /* ArticleCell.h */,
				7B220B2C1B7D91AE00696944 /* ArticleCell.m */,
				7B220B2D1B7D91AE00696944 /* ArticleFrame.h */,
				7B220B2E1B7D91AE00696944 /* ArticleFrame.m */,
				7B220B2F1B7D91AE00696944 /* HeadView.h */,
				7B220B301B7D91AE00696944 /* HeadView.m */,
				7B220B311B7D91AE00696944 /* MainView.h */,
				7B220B321B7D91AE00696944 /* MainView.m */,
			);
			path = RootView;
			sourceTree = "<group>";
		};
		7B220B3D1B7D932B00696944 /* Download */ = {
			isa = PBXGroup;
			children = (
				7B220B3E1B7D932B00696944 /* NJViewController.h */,
				7B220B3F1B7D932B00696944 /* NJViewController.m */,
				7B220B401B7D932B00696944 /* NJWeibo.h */,
				7B220B411B7D932B00696944 /* NJWeibo.m */,
				7B220B421B7D932B00696944 /* NJWeiboCell.h */,
				7B220B431B7D932B00696944 /* NJWeiboCell.m */,
				7B220B441B7D932B00696944 /* NJWeiboFrame.h */,
				7B220B451B7D932B00696944 /* NJWeiboFrame.m */,
			);
			path = Download;
			sourceTree = "<group>";
		};
		7B515F6B1B823FF90015B922 /* TabView */ = {
			isa = PBXGroup;
			children = (
				7B515F6C1B82401E0015B922 /* TabView.h */,
				7B515F6D1B82401E0015B922 /* TabView.m */,
			);
			path = TabView;
			sourceTree = "<group>";
		};
		7BA4EB761B7CCD7500D74B8B /* resource */ = {
			isa = PBXGroup;
			children = (
				7B220B001B7D8D1D00696944 /* logo.jpg */,
				7BA4EB771B7CCD7500D74B8B /* admin.png */,
				7BA4EB781B7CCD7500D74B8B /* rss.png */,
				7BA4EB791B7CCD7500D74B8B /* search.png */,
			);
			path = resource;
			sourceTree = "<group>";
		};
		7BC243F31B69B93100FE035C = {
			isa = PBXGroup;
			children = (
				7B220B3D1B7D932B00696944 /* Download */,
				7B220B291B7D91AE00696944 /* View */,
				7B220B1F1B7D8ED100696944 /* Controller */,
				7B220B181B7D8ECB00696944 /* Model */,
				7BA4EB761B7CCD7500D74B8B /* resource */,
				7BC243FE1B69B93100FE035C /* WebBlog */,
				7BC244181B69B93100FE035C /* WebBlogTests */,
				7BC243FD1B69B93100FE035C /* Products */,
			);
			sourceTree = "<group>";
		};
		7BC243FD1B69B93100FE035C /* Products */ = {
			isa = PBXGroup;
			children = (
				7BC243FC1B69B93100FE035C /* WebBlog.app */,
				7BC244151B69B93100FE035C /* WebBlogTests.xctest */,
			);
			name = Products;
			sourceTree = "<group>";
		};
		7BC243FE1B69B93100FE035C /* WebBlog */ = {
			isa = PBXGroup;
			children = (
				7BC244031B69B93100FE035C /* AppDelegate.h */,
				7BC244041B69B93100FE035C /* AppDelegate.m */,
				7BC2440C1B69B93100FE035C /* Images.xcassets */,
				7BC2440E1B69B93100FE035C /* LaunchScreen.xib */,
				7BC243FF1B69B93100FE035C /* Supporting Files */,
			);
			path = WebBlog;
			sourceTree = "<group>";
		};
		7BC243FF1B69B93100FE035C /* Supporting Files */ = {
			isa = PBXGroup;
			children = (
				7BC244001B69B93100FE035C /* Info.plist */,
				7BC244011B69B93100FE035C /* main.m */,
				7BBFE6731B6F835500A6EBC7 /* statuses.plist */,
				7B8884571B7384F000340E34 /* workLog.rtf */,
				7BAE8D471B78D76B00592F84 /* article.plist */,
			);
			name = "Supporting Files";
			sourceTree = "<group>";
		};
		7BC244181B69B93100FE035C /* WebBlogTests */ = {
			isa = PBXGroup;
			children = (
				7BC2441B1B69B93100FE035C /* WebBlogTests.m */,
				7BC244191B69B93100FE035C /* Supporting Files */,
			);
			path = WebBlogTests;
			sourceTree = "<group>";
		};
		7BC244191B69B93100FE035C /* Supporting Files */ = {
			isa = PBXGroup;
			children = (
				7BC2441A1B69B93100FE035C /* Info.plist */,
			);
			name = "Supporting Files";
			sourceTree = "<group>";
		};
		7BD1E9AC1B7EE8DC00B31443 /* DetailView */ = {
			isa = PBXGroup;
			children = (
				7BD1E9AD1B7EE8F300B31443 /* TestView.h */,
				7BD1E9AE1B7EE8F300B31443 /* TestView.m */,
				7B72578D1B80B34200E18AC3 /* DetailArticleView.h */,
				7B72578E1B80B34200E18AC3 /* DetailArticleView.m */,
				7B7257901B80BCE100E18AC3 /* DetailArticleCellTableViewCell.h */,
				7B7257911B80BCE100E18AC3 /* DetailArticleCellTableViewCell.m */,
				7B7257931B80BCFA00E18AC3 /* DetailArticleFrame.h */,
				7B7257941B80BCFA00E18AC3 /* DetailArticleFrame.m */,
			);
			path = DetailView;
			sourceTree = "<group>";
		};
/* End PBXGroup section */

/* Begin PBXNativeTarget section */
		7BC243FB1B69B93100FE035C /* WebBlog */ = {
			isa = PBXNativeTarget;
			buildConfigurationList = 7BC2441F1B69B93100FE035C /* Build configuration list for PBXNativeTarget "WebBlog" */;
			buildPhases = (
				7BC243F81B69B93100FE035C /* Sources */,
				7BC243F91B69B93100FE035C /* Frameworks */,
				7BC243FA1B69B93100FE035C /* Resources */,
			);
			buildRules = (
			);
			dependencies = (
			);
			name = WebBlog;
			productName = WebBlog;
			productReference = 7BC243FC1B69B93100FE035C /* WebBlog.app */;
			productType = "com.apple.product-type.application";
		};
		7BC244141B69B93100FE035C /* WebBlogTests */ = {
			isa = PBXNativeTarget;
			buildConfigurationList = 7BC244221B69B93100FE035C /* Build configuration list for PBXNativeTarget "WebBlogTests" */;
			buildPhases = (
				7BC244111B69B93100FE035C /* Sources */,
				7BC244121B69B93100FE035C /* Frameworks */,
				7BC244131B69B93100FE035C /* Resources */,
			);
			buildRules = (
			);
			dependencies = (
				7BC244171B69B93100FE035C /* PBXTargetDependency */,
			);
			name = WebBlogTests;
			productName = WebBlogTests;
			productReference = 7BC244151B69B93100FE035C /* WebBlogTests.xctest */;
			productType = "com.apple.product-type.bundle.unit-test";
		};
/* End PBXNativeTarget section */

/* Begin PBXProject section */
		7BC243F41B69B93100FE035C /* Project object */ = {
			isa = PBXProject;
			attributes = {
				LastUpgradeCheck = 0700;
				ORGANIZATIONNAME = miao;
				TargetAttributes = {
					7BC243FB1B69B93100FE035C = {
						CreatedOnToolsVersion = 6.1.1;
						DevelopmentTeam = C92RJHDF96;
					};
					7BC244141B69B93100FE035C = {
						CreatedOnToolsVersion = 6.1.1;
						TestTargetID = 7BC243FB1B69B93100FE035C;
					};
				};
			};
			buildConfigurationList = 7BC243F71B69B93100FE035C /* Build configuration list for PBXProject "WebBlog" */;
			compatibilityVersion = "Xcode 3.2";
			developmentRegion = English;
			hasScannedForEncodings = 0;
			knownRegions = (
				en,
				Base,
			);
			mainGroup = 7BC243F31B69B93100FE035C;
			productRefGroup = 7BC243FD1B69B93100FE035C /* Products */;
			projectDirPath = "";
			projectRoot = "";
			targets = (
				7BC243FB1B69B93100FE035C /* WebBlog */,
				7BC244141B69B93100FE035C /* WebBlogTests */,
			);
		};
/* End PBXProject section */

/* Begin PBXResourcesBuildPhase section */
		7BC243FA1B69B93100FE035C /* Resources */ = {
			isa = PBXResourcesBuildPhase;
			buildActionMask = 2147483647;
			files = (
				7BAE8D481B78D76B00592F84 /* article.plist in Resources */,
				7BBFE6741B6F835500A6EBC7 /* statuses.plist in Resources */,
				7BC244101B69B93100FE035C /* LaunchScreen.xib in Resources */,
				7BA4EB7C1B7CCD7500D74B8B /* search.png in Resources */,
				7BA4EB7A1B7CCD7500D74B8B /* admin.png in Resources */,
				7B220B011B7D8D1D00696944 /* logo.jpg in Resources */,
				7BA4EB7B1B7CCD7500D74B8B /* rss.png in Resources */,
				7B8884581B7384F000340E34 /* workLog.rtf in Resources */,
				7BC2440D1B69B93100FE035C /* Images.xcassets in Resources */,
			);
			runOnlyForDeploymentPostprocessing = 0;
		};
		7BC244131B69B93100FE035C /* Resources */ = {
			isa = PBXResourcesBuildPhase;
			buildActionMask = 2147483647;
			files = (
			);
			runOnlyForDeploymentPostprocessing = 0;
		};
/* End PBXResourcesBuildPhase section */

/* Begin PBXSourcesBuildPhase section */
		7BC243F81B69B93100FE035C /* Sources */ = {
			isa = PBXSourcesBuildPhase;
			buildActionMask = 2147483647;
			files = (
				7BD1E9AF1B7EE8F300B31443 /* TestView.m in Sources */,
				7B220B261B7D8ED100696944 /* RootViewController.m in Sources */,
				7BC244051B69B93100FE035C /* AppDelegate.m in Sources */,
				7B220B3A1B7D91AE00696944 /* MainView.m in Sources */,
				7BC244021B69B93100FE035C /* main.m in Sources */,
				7BF796F31B831B3500A9EEBD /* ArticleViewController.m in Sources */,
				7B220B481B7D932B00696944 /* NJWeiboCell.m in Sources */,
				7B515F711B8240440015B922 /* TabViewController.m in Sources */,
				7B515F6E1B82401E0015B922 /* TabView.m in Sources */,
				7B220B371B7D91AE00696944 /* ArticleCell.m in Sources */,
				7B72578F1B80B34200E18AC3 /* DetailArticleView.m in Sources */,
				7B220B471B7D932B00696944 /* NJWeibo.m in Sources */,
				7B220B461B7D932B00696944 /* NJViewController.m in Sources */,
				7B7257921B80BCE100E18AC3 /* DetailArticleCellTableViewCell.m in Sources */,
				7B220B381B7D91AE00696944 /* ArticleFrame.m in Sources */,
				7B220B391B7D91AE00696944 /* HeadView.m in Sources */,
				7B220B271B7D8ED100696944 /* LeftTabViewController.m in Sources */,
				7B7257951B80BCFA00E18AC3 /* DetailArticleFrame.m in Sources */,
				7B220B491B7D932B00696944 /* NJWeiboFrame.m in Sources */,
				7B220B1D1B7D8ECB00696944 /* Article.m in Sources */,
			);
			runOnlyForDeploymentPostprocessing = 0;
		};
		7BC244111B69B93100FE035C /* Sources */ = {
			isa = PBXSourcesBuildPhase;
			buildActionMask = 2147483647;
			files = (
				7BC2441C1B69B93100FE035C /* WebBlogTests.m in Sources */,
			);
			runOnlyForDeploymentPostprocessing = 0;
		};
/* End PBXSourcesBuildPhase section */

/* Begin PBXTargetDependency section */
		7BC244171B69B93100FE035C /* PBXTargetDependency */ = {
			isa = PBXTargetDependency;
			target = 7BC243FB1B69B93100FE035C /* WebBlog */;
			targetProxy = 7BC244161B69B93100FE035C /* PBXContainerItemProxy */;
		};
/* End PBXTargetDependency section */

/* Begin PBXVariantGroup section */
		7BC2440E1B69B93100FE035C /* LaunchScreen.xib */ = {
			isa = PBXVariantGroup;
			children = (
				7BC2440F1B69B93100FE035C /* Base */,
			);
			name = LaunchScreen.xib;
			sourceTree = "<group>";
		};
/* End PBXVariantGroup section */

/* Begin XCBuildConfiguration section */
		7BC2441D1B69B93100FE035C /* Debug */ = {
			isa = XCBuildConfiguration;
			buildSettings = {
				ALWAYS_SEARCH_USER_PATHS = NO;
				CLANG_CXX_LANGUAGE_STANDARD = "gnu++0x";
				CLANG_CXX_LIBRARY = "libc++";
				CLANG_ENABLE_MODULES = YES;
				CLANG_ENABLE_OBJC_ARC = YES;
				CLANG_WARN_BOOL_CONVERSION = YES;
				CLANG_WARN_CONSTANT_CONVERSION = YES;
				CLANG_WARN_DIRECT_OBJC_ISA_USAGE = YES_ERROR;
				CLANG_WARN_EMPTY_BODY = YES;
				CLANG_WARN_ENUM_CONVERSION = YES;
				CLANG_WARN_INT_CONVERSION = YES;
				CLANG_WARN_OBJC_ROOT_CLASS = YES_ERROR;
				CLANG_WARN_UNREACHABLE_CODE = YES;
				CLANG_WARN__DUPLICATE_METHOD_MATCH = YES;
				"CODE_SIGN_IDENTITY[sdk=iphoneos*]" = "iPhone Developer";
				COPY_PHASE_STRIP = NO;
				ENABLE_STRICT_OBJC_MSGSEND = YES;
				ENABLE_TESTABILITY = YES;
				GCC_C_LANGUAGE_STANDARD = gnu99;
				GCC_DYNAMIC_NO_PIC = NO;
				GCC_OPTIMIZATION_LEVEL = 0;
				GCC_PREPROCESSOR_DEFINITIONS = (
					"DEBUG=1",
					"$(inherited)",
				);
				GCC_SYMBOLS_PRIVATE_EXTERN = NO;
				GCC_WARN_64_TO_32_BIT_CONVERSION = YES;
				GCC_WARN_ABOUT_RETURN_TYPE = YES_ERROR;
				GCC_WARN_UNDECLARED_SELECTOR = YES;
				GCC_WARN_UNINITIALIZED_AUTOS = YES_AGGRESSIVE;
				GCC_WARN_UNUSED_FUNCTION = YES;
				GCC_WARN_UNUSED_VARIABLE = YES;
				IPHONEOS_DEPLOYMENT_TARGET = 8.1;
				MTL_ENABLE_DEBUG_INFO = YES;
				ONLY_ACTIVE_ARCH = YES;
				SDKROOT = iphoneos;
			};
			name = Debug;
		};
		7BC2441E1B69B93100FE035C /* Release */ = {
			isa = XCBuildConfiguration;
			buildSettings = {
				ALWAYS_SEARCH_USER_PATHS = NO;
				CLANG_CXX_LANGUAGE_STANDARD = "gnu++0x";
				CLANG_CXX_LIBRARY = "libc++";
				CLANG_ENABLE_MODULES = YES;
				CLANG_ENABLE_OBJC_ARC = YES;
				CLANG_WARN_BOOL_CONVERSION = YES;
				CLANG_WARN_CONSTANT_CONVERSION = YES;
				CLANG_WARN_DIRECT_OBJC_ISA_USAGE = YES_ERROR;
				CLANG_WARN_EMPTY_BODY = YES;
				CLANG_WARN_ENUM_CONVERSION = YES;
				CLANG_WARN_INT_CONVERSION = YES;
				CLANG_WARN_OBJC_ROOT_CLASS = YES_ERROR;
				CLANG_WARN_UNREACHABLE_CODE = YES;
				CLANG_WARN__DUPLICATE_METHOD_MATCH = YES;
				"CODE_SIGN_IDENTITY[sdk=iphoneos*]" = "iPhone Developer";
				COPY_PHASE_STRIP = YES;
				ENABLE_NS_ASSERTIONS = NO;
				ENABLE_STRICT_OBJC_MSGSEND = YES;
				GCC_C_LANGUAGE_STANDARD = gnu99;
				GCC_WARN_64_TO_32_BIT_CONVERSION = YES;
				GCC_WARN_ABOUT_RETURN_TYPE = YES_ERROR;
				GCC_WARN_UNDECLARED_SELECTOR = YES;
				GCC_WARN_UNINITIALIZED_AUTOS = YES_AGGRESSIVE;
				GCC_WARN_UNUSED_FUNCTION = YES;
				GCC_WARN_UNUSED_VARIABLE = YES;
				IPHONEOS_DEPLOYMENT_TARGET = 8.1;
				MTL_ENABLE_DEBUG_INFO = NO;
				SDKROOT = iphoneos;
				VALIDATE_PRODUCT = YES;
			};
			name = Release;
		};
		7BC244201B69B93100FE035C /* Debug */ = {
			isa = XCBuildConfiguration;
			buildSettings = {
				ASSETCATALOG_COMPILER_APPICON_NAME = AppIcon;
				CODE_SIGN_IDENTITY = "iPhone Developer";
				INFOPLIST_FILE = WebBlog/Info.plist;
				IPHONEOS_DEPLOYMENT_TARGET = 7.1;
				LD_RUNPATH_SEARCH_PATHS = "$(inherited) @executable_path/Frameworks";
				PRODUCT_BUNDLE_IDENTIFIER = "com.sinaapp.scaumiao.1.$(PRODUCT_NAME:rfc1034identifier)";
				PRODUCT_NAME = "$(TARGET_NAME)";
				TARGETED_DEVICE_FAMILY = 1;
			};
			name = Debug;
		};
		7BC244211B69B93100FE035C /* Release */ = {
			isa = XCBuildConfiguration;
			buildSettings = {
				ASSETCATALOG_COMPILER_APPICON_NAME = AppIcon;
				CODE_SIGN_IDENTITY = "iPhone Developer";
				INFOPLIST_FILE = WebBlog/Info.plist;
				IPHONEOS_DEPLOYMENT_TARGET = 7.1;
				LD_RUNPATH_SEARCH_PATHS = "$(inherited) @executable_path/Frameworks";
				PRODUCT_BUNDLE_IDENTIFIER = "com.sinaapp.scaumiao.1.$(PRODUCT_NAME:rfc1034identifier)";
				PRODUCT_NAME = "$(TARGET_NAME)";
				TARGETED_DEVICE_FAMILY = 1;
			};
			name = Release;
		};
		7BC244231B69B93100FE035C /* Debug */ = {
			isa = XCBuildConfiguration;
			buildSettings = {
				BUNDLE_LOADER = "$(TEST_HOST)";
				FRAMEWORK_SEARCH_PATHS = (
					"$(SDKROOT)/Developer/Library/Frameworks",
					"$(inherited)",
				);
				GCC_PREPROCESSOR_DEFINITIONS = (
					"DEBUG=1",
					"$(inherited)",
				);
				INFOPLIST_FILE = WebBlogTests/Info.plist;
				LD_RUNPATH_SEARCH_PATHS = "$(inherited) @executable_path/Frameworks @loader_path/Frameworks";
				PRODUCT_BUNDLE_IDENTIFIER = "com.sinaapp.scaumiao.1.$(PRODUCT_NAME:rfc1034identifier)";
				PRODUCT_NAME = "$(TARGET_NAME)";
				TEST_HOST = "$(BUILT_PRODUCTS_DIR)/WebBlog.app/WebBlog";
			};
			name = Debug;
		};
		7BC244241B69B93100FE035C /* Release */ = {
			isa = XCBuildConfiguration;
			buildSettings = {
				BUNDLE_LOADER = "$(TEST_HOST)";
				FRAMEWORK_SEARCH_PATHS = (
					"$(SDKROOT)/Developer/Library/Frameworks",
					"$(inherited)",
				);
				INFOPLIST_FILE = WebBlogTests/Info.plist;
				LD_RUNPATH_SEARCH_PATHS = "$(inherited) @executable_path/Frameworks @loader_path/Frameworks";
				PRODUCT_BUNDLE_IDENTIFIER = "com.sinaapp.scaumiao.1.$(PRODUCT_NAME:rfc1034identifier)";
				PRODUCT_NAME = "$(TARGET_NAME)";
				TEST_HOST = "$(BUILT_PRODUCTS_DIR)/WebBlog.app/WebBlog";
			};
			name = Release;
		};
/* End XCBuildConfiguration section */

/* Begin XCConfigurationList section */
		7BC243F71B69B93100FE035C /* Build configuration list for PBXProject "WebBlog" */ = {
			isa = XCConfigurationList;
			buildConfigurations = (
				7BC2441D1B69B93100FE035C /* Debug */,
				7BC2441E1B69B93100FE035C /* Release */,
			);
			defaultConfigurationIsVisible = 0;
			defaultConfigurationName = Release;
		};
		7BC2441F1B69B93100FE035C /* Build configuration list for PBXNativeTarget "WebBlog" */ = {
			isa = XCConfigurationList;
			buildConfigurations = (
				7BC244201B69B93100FE035C /* Debug */,
				7BC244211B69B93100FE035C /* Release */,
			);
			defaultConfigurationIsVisible = 0;
			defaultConfigurationName = Release;
		};
		7BC244221B69B93100FE035C /* Build configuration list for PBXNativeTarget "WebBlogTests" */ = {
			isa = XCConfigurationList;
			buildConfigurations = (
				7BC244231B69B93100FE035C /* Debug */,
				7BC244241B69B93100FE035C /* Release */,
			);
			defaultConfigurationIsVisible = 0;
			defaultConfigurationName = Release;
		};
/* End XCConfigurationList section */
	};
	rootObject = 7BC243F41B69B93100FE035C /* Project object */;
}
